
Microsoft Visual Studio Solution File, Format Version 12.00
# Visual Studio Version 17
VisualStudioVersion = 17.13.35818.85 d17.13
MinimumVisualStudioVersion = 10.0.40219.1
Project("{FAE04EC0-301F-11D3-BF4B-00C04F79EFBC}") = "Assignment1.2", "Assignment1.2.csproj", "{061912D6-1ED3-45DF-8088-E17BAE615C03}"
EndProject
Global
	GlobalSection(SolutionConfigurationPlatforms) = preSolution
		Debug|Any CPU = Debug|Any CPU
		Release|Any CPU = Release|Any CPU
	EndGlobalSection
	GlobalSection(ProjectConfigurationPlatforms) = postSolution
		{061912D6-1ED3-45DF-8088-E17BAE615C03}.Debug|Any CPU.ActiveCfg = Debug|Any CPU
		{061912D6-1ED3-45DF-8088-E17BAE615C03}.Debug|Any CPU.Build.0 = Debug|Any CPU
		{061912D6-1ED3-45DF-8088-E17BAE615C03}.Release|Any CPU.ActiveCfg = Release|Any CPU
		{061912D6-1ED3-45DF-8088-E17BAE615C03}.Release|Any CPU.Build.0 = Release|Any CPU
	EndGlobalSection
	GlobalSection(SolutionProperties) = preSolution
		HideSolutionNode = FALSE
	EndGlobalSection
	GlobalSection(ExtensibilityGlobals) = postSolution
		SolutionGuid = {64CBC349-31F3-466A-B745-2E73A21B9506}
	EndGlobalSection
EndGlobal
