
Microsoft Visual Studio Solution File, Format Version 12.00
# Visual Studio Version 17
VisualStudioVersion = 17.13.35818.85 d17.13
MinimumVisualStudioVersion = 10.0.40219.1
Project("{FAE04EC0-301F-11D3-BF4B-00C04F79EFBC}") = "assignment3.1", "assignment3.1.csproj", "{C0D50769-5498-4886-8D10-151108CDDA03}"
EndProject
Global
	GlobalSection(SolutionConfigurationPlatforms) = preSolution
		Debug|Any CPU = Debug|Any CPU
		Release|Any CPU = Release|Any CPU
	EndGlobalSection
	GlobalSection(ProjectConfigurationPlatforms) = postSolution
		{C0D50769-5498-4886-8D10-151108CDDA03}.Debug|Any CPU.ActiveCfg = Debug|Any CPU
		{C0D50769-5498-4886-8D10-151108CDDA03}.Debug|Any CPU.Build.0 = Debug|Any CPU
		{C0D50769-5498-4886-8D10-151108CDDA03}.Release|Any CPU.ActiveCfg = Release|Any CPU
		{C0D50769-5498-4886-8D10-151108CDDA03}.Release|Any CPU.Build.0 = Release|Any CPU
	EndGlobalSection
	GlobalSection(SolutionProperties) = preSolution
		HideSolutionNode = FALSE
	EndGlobalSection
	GlobalSection(ExtensibilityGlobals) = postSolution
		SolutionGuid = {EAAC1419-4833-4B30-BB4B-CC365B05458A}
	EndGlobalSection
EndGlobal
