
Microsoft Visual Studio Solution File, Format Version 12.00
# Visual Studio Version 17
VisualStudioVersion = 17.13.35818.85 d17.13
MinimumVisualStudioVersion = 10.0.40219.1
Project("{FAE04EC0-301F-11D3-BF4B-00C04F79EFBC}") = "assignment2.3", "assignment2.3.csproj", "{9352BD4F-7F65-4E54-906F-E5B2597CC800}"
EndProject
Global
	GlobalSection(SolutionConfigurationPlatforms) = preSolution
		Debug|Any CPU = Debug|Any CPU
		Release|Any CPU = Release|Any CPU
	EndGlobalSection
	GlobalSection(ProjectConfigurationPlatforms) = postSolution
		{9352BD4F-7F65-4E54-906F-E5B2597CC800}.Debug|Any CPU.ActiveCfg = Debug|Any CPU
		{9352BD4F-7F65-4E54-906F-E5B2597CC800}.Debug|Any CPU.Build.0 = Debug|Any CPU
		{9352BD4F-7F65-4E54-906F-E5B2597CC800}.Release|Any CPU.ActiveCfg = Release|Any CPU
		{9352BD4F-7F65-4E54-906F-E5B2597CC800}.Release|Any CPU.Build.0 = Release|Any CPU
	EndGlobalSection
	GlobalSection(SolutionProperties) = preSolution
		HideSolutionNode = FALSE
	EndGlobalSection
	GlobalSection(ExtensibilityGlobals) = postSolution
		SolutionGuid = {72A829D5-328F-43C7-9992-7118E402ACEC}
	EndGlobalSection
EndGlobal
